
Microsoft Visual Studio Solution File, Format Version 12.00
# Visual Studio Version 16
VisualStudioVersion = 16.0.31321.278
MinimumVisualStudioVersion = 10.0.40219.1
Project("{FAE04EC0-301F-11D3-BF4B-00C04F79EFBC}") = "NumberGuessingGame", "NumberGuessingGame\NumberGuessingGame.csproj", "{F3F6BBCD-F34D-4326-925B-9E32139E6594}"
EndProject
Project("{FAE04EC0-301F-11D3-BF4B-00C04F79EFBC}") = "NumberGuessingGame.Tests", "NumberGuessingGame.Tests\NumberGuessingGame.Tests.csproj", "{BA5F3195-469E-4377-8EC8-3C031F1705B1}"
EndProject
Global
	GlobalSection(SolutionConfigurationPlatforms) = preSolution
		Debug|Any CPU = Debug|Any CPU
		Release|Any CPU = Release|Any CPU
	EndGlobalSection
	GlobalSection(ProjectConfigurationPlatforms) = postSolution
		{F3F6BBCD-F34D-4326-925B-9E32139E6594}.Debug|Any CPU.ActiveCfg = Debug|Any CPU
		{F3F6BBCD-F34D-4326-925B-9E32139E6594}.Debug|Any CPU.Build.0 = Debug|Any CPU
		{F3F6BBCD-F34D-4326-925B-9E32139E6594}.Release|Any CPU.ActiveCfg = Release|Any CPU
		{F3F6BBCD-F34D-4326-925B-9E32139E6594}.Release|Any CPU.Build.0 = Release|Any CPU
		{BA5F3195-469E-4377-8EC8-3C031F1705B1}.Debug|Any CPU.ActiveCfg = Debug|Any CPU
		{BA5F3195-469E-4377-8EC8-3C031F1705B1}.Debug|Any CPU.Build.0 = Debug|Any CPU
		{BA5F3195-469E-4377-8EC8-3C031F1705B1}.Release|Any CPU.ActiveCfg = Release|Any CPU
		{BA5F3195-469E-4377-8EC8-3C031F1705B1}.Release|Any CPU.Build.0 = Release|Any CPU
	EndGlobalSection
	GlobalSection(SolutionProperties) = preSolution
		HideSolutionNode = FALSE
	EndGlobalSection
	GlobalSection(ExtensibilityGlobals) = postSolution
		SolutionGuid = {6A07B588-B3BC-4296-8EBF-70AAA3531480}
	EndGlobalSection
EndGlobal
